
Microsoft Visual Studio Solution File, Format Version 12.00
# Visual Studio Version 17
VisualStudioVersion = 17.9.34728.123
MinimumVisualStudioVersion = 10.0.40219.1
Project("{9A19103F-16F7-4668-BE54-9A1E7A4F7556}") = "ShiftsLoggerUI", "ShiftsLoggerUI\ShiftsLoggerUI.csproj", "{16B9D7FA-1C2E-4FD3-BD4B-73066EDC8705}"
EndProject
Project("{9A19103F-16F7-4668-BE54-9A1E7A4F7556}") = "ShiftsLoggerAPI", "ShiftsLoggerAPI\ShiftsLoggerAPI.csproj", "{F194F446-0ABA-4450-85A3-CB01DE32AD0E}"
EndProject
Global
	GlobalSection(SolutionConfigurationPlatforms) = preSolution
		Debug|Any CPU = Debug|Any CPU
		Release|Any CPU = Release|Any CPU
	EndGlobalSection
	GlobalSection(ProjectConfigurationPlatforms) = postSolution
		{16B9D7FA-1C2E-4FD3-BD4B-73066EDC8705}.Debug|Any CPU.ActiveCfg = Debug|Any CPU
		{16B9D7FA-1C2E-4FD3-BD4B-73066EDC8705}.Debug|Any CPU.Build.0 = Debug|Any CPU
		{16B9D7FA-1C2E-4FD3-BD4B-73066EDC8705}.Release|Any CPU.ActiveCfg = Release|Any CPU
		{16B9D7FA-1C2E-4FD3-BD4B-73066EDC8705}.Release|Any CPU.Build.0 = Release|Any CPU
		{F194F446-0ABA-4450-85A3-CB01DE32AD0E}.Debug|Any CPU.ActiveCfg = Debug|Any CPU
		{F194F446-0ABA-4450-85A3-CB01DE32AD0E}.Debug|Any CPU.Build.0 = Debug|Any CPU
		{F194F446-0ABA-4450-85A3-CB01DE32AD0E}.Release|Any CPU.ActiveCfg = Release|Any CPU
		{F194F446-0ABA-4450-85A3-CB01DE32AD0E}.Release|Any CPU.Build.0 = Release|Any CPU
	EndGlobalSection
	GlobalSection(SolutionProperties) = preSolution
		HideSolutionNode = FALSE
	EndGlobalSection
	GlobalSection(ExtensibilityGlobals) = postSolution
		SolutionGuid = {D58C6546-8CD4-4098-96FE-D8B7B204EDB0}
	EndGlobalSection
EndGlobal
